// !$*UTF8*$!
{
	archiveVersion = 1;
	classes = {
	};
	objectVersion = 50;
	objects = {

/* Begin PBXBuildFile section */
		B369675D24C61BDA00A3F072 /* AppDelegate.swift in Sources */ = {isa = PBXBuildFile; fileRef = B369675C24C61BDA00A3F072 /* AppDelegate.swift */; };
		B369675F24C61BDA00A3F072 /* SceneDelegate.swift in Sources */ = {isa = PBXBuildFile; fileRef = B369675E24C61BDA00A3F072 /* SceneDelegate.swift */; };
		B369676124C61BDA00A3F072 /* ContentView.swift in Sources */ = {isa = PBXBuildFile; fileRef = B369676024C61BDA00A3F072 /* ContentView.swift */; };
		B369676324C61BDF00A3F072 /* Assets.xcassets in Resources */ = {isa = PBXBuildFile; fileRef = B369676224C61BDF00A3F072 /* Assets.xcassets */; };
		B369676624C61BDF00A3F072 /* Preview Assets.xcassets in Resources */ = {isa = PBXBuildFile; fileRef = B369676524C61BDF00A3F072 /* Preview Assets.xcassets */; };
		B369676924C61BDF00A3F072 /* LaunchScreen.storyboard in Resources */ = {isa = PBXBuildFile; fileRef = B369676724C61BDF00A3F072 /* LaunchScreen.storyboard */; };
		B369677124C61BED00A3F072 /* colorRound.swift in Sources */ = {isa = PBXBuildFile; fileRef = B369677024C61BED00A3F072 /* colorRound.swift */; };
		B369677324C61D7B00A3F072 /* backgroundColor.swift in Sources */ = {isa = PBXBuildFile; fileRef = B369677224C61D7B00A3F072 /* backgroundColor.swift */; };
/* End PBXBuildFile section */

/* Begin PBXFileReference section */
		B369675924C61BDA00A3F072 /* Homework3-1.app */ = {isa = PBXFileReference; explicitFileType = wrapper.application; includeInIndex = 0; path = "Homework3-1.app"; sourceTree = BUILT_PRODUCTS_DIR; };
		B369675C24C61BDA00A3F072 /* AppDelegate.swift */ = {isa = PBXFileReference; lastKnownFileType = sourcecode.swift; path = AppDelegate.swift; sourceTree = "<group>"; };
		B369675E24C61BDA00A3F072 /* SceneDelegate.swift */ = {isa = PBXFileReference; lastKnownFileType = sourcecode.swift; path = SceneDelegate.swift; sourceTree = "<group>"; };
		B369676024C61BDA00A3F072 /* ContentView.swift */ = {isa = PBXFileReference; lastKnownFileType = sourcecode.swift; path = ContentView.swift; sourceTree = "<group>"; };
		B369676224C61BDF00A3F072 /* Assets.xcassets */ = {isa = PBXFileReference; lastKnownFileType = folder.assetcatalog; path = Assets.xcassets; sourceTree = "<group>"; };
		B369676524C61BDF00A3F072 /* Preview Assets.xcassets */ = {isa = PBXFileReference; lastKnownFileType = folder.assetcatalog; path = "Preview Assets.xcassets"; sourceTree = "<group>"; };
		B369676824C61BDF00A3F072 /* Base */ = {isa = PBXFileReference; lastKnownFileType = file.storyboard; name = Base; path = Base.lproj/LaunchScreen.storyboard; sourceTree = "<group>"; };
		B369676A24C61BDF00A3F072 /* Info.plist */ = {isa = PBXFileReference; lastKnownFileType = text.plist.xml; path = Info.plist; sourceTree = "<group>"; };
		B369677024C61BED00A3F072 /* colorRound.swift */ = {isa = PBXFileReference; lastKnownFileType = sourcecode.swift; path = colorRound.swift; sourceTree = "<group>"; };
		B369677224C61D7B00A3F072 /* backgroundColor.swift */ = {isa = PBXFileReference; lastKnownFileType = sourcecode.swift; path = backgroundColor.swift; sourceTree = "<group>"; };
/* End PBXFileReference section */

/* Begin PBXFrameworksBuildPhase section */
		B369675624C61BDA00A3F072 /* Frameworks */ = {
			isa = PBXFrameworksBuildPhase;
			buildActionMask = 2147483647;
			files = (
			);
			runOnlyForDeploymentPostprocessing = 0;
		};
/* End PBXFrameworksBuildPhase section */

/* Begin PBXGroup section */
		B369675024C61BDA00A3F072 = {
			isa = PBXGroup;
			children = (
				B369675B24C61BDA00A3F072 /* Homework3-1 */,
				B369675A24C61BDA00A3F072 /* Products */,
			);
			sourceTree = "<group>";
		};
		B369675A24C61BDA00A3F072 /* Products */ = {
			isa = PBXGroup;
			children = (
				B369675924C61BDA00A3F072 /* Homework3-1.app */,
			);
			name = Products;
			sourceTree = "<group>";
		};
		B369675B24C61BDA00A3F072 /* Homework3-1 */ = {
			isa = PBXGroup;
			children = (
				B369677024C61BED00A3F072 /* colorRound.swift */,
				B369675C24C61BDA00A3F072 /* AppDelegate.swift */,
				B369675E24C61BDA00A3F072 /* SceneDelegate.swift */,
				B369676024C61BDA00A3F072 /* ContentView.swift */,
				B369677224C61D7B00A3F072 /* backgroundColor.swift */,
				B369676224C61BDF00A3F072 /* Assets.xcassets */,
				B369676724C61BDF00A3F072 /* LaunchScreen.storyboard */,
				B369676A24C61BDF00A3F072 /* Info.plist */,
				B369676424C61BDF00A3F072 /* Preview Content */,
			);
			path = "Homework3-1";
			sourceTree = "<group>";
		};
		B369676424C61BDF00A3F072 /* Preview Content */ = {
			isa = PBXGroup;
			children = (
				B369676524C61BDF00A3F072 /* Preview Assets.xcassets */,
			);
			path = "Preview Content";
			sourceTree = "<group>";
		};
/* End PBXGroup section */

/* Begin PBXNativeTarget section */
		B369675824C61BDA00A3F072 /* Homework3-1 */ = {
			isa = PBXNativeTarget;
			buildConfigurationList = B369676D24C61BDF00A3F072 /* Build configuration list for PBXNativeTarget "Homework3-1" */;
			buildPhases = (
				B369675524C61BDA00A3F072 /* Sources */,
				B369675624C61BDA00A3F072 /* Frameworks */,
				B369675724C61BDA00A3F072 /* Resources */,
			);
			buildRules = (
			);
			dependencies = (
			);
			name = "Homework3-1";
			productName = "Homework3-1";
			productReference = B369675924C61BDA00A3F072 /* Homework3-1.app */;
			productType = "com.apple.product-type.application";
		};
/* End PBXNativeTarget section */

/* Begin PBXProject section */
		B369675124C61BDA00A3F072 /* Project object */ = {
			isa = PBXProject;
			attributes = {
				LastSwiftUpdateCheck = 1160;
				LastUpgradeCheck = 1160;
				ORGANIZATIONNAME = "Stanislav Klimov";
				TargetAttributes = {
					B369675824C61BDA00A3F072 = {
						CreatedOnToolsVersion = 11.6;
					};
				};
			};
			buildConfigurationList = B369675424C61BDA00A3F072 /* Build configuration list for PBXProject "Homework3-1" */;
			compatibilityVersion = "Xcode 9.3";
			developmentRegion = en;
			hasScannedForEncodings = 0;
			knownRegions = (
				en,
				Base,
			);
			mainGroup = B369675024C61BDA00A3F072;
			productRefGroup = B369675A24C61BDA00A3F072 /* Products */;
			projectDirPath = "";
			projectRoot = "";
			targets = (
				B369675824C61BDA00A3F072 /* Homework3-1 */,
			);
		};
/* End PBXProject section */

/* Begin PBXResourcesBuildPhase section */
		B369675724C61BDA00A3F072 /* Resources */ = {
			isa = PBXResourcesBuildPhase;
			buildActionMask = 2147483647;
			files = (
				B369676924C61BDF00A3F072 /* LaunchScreen.storyboard in Resources */,
				B369676624C61BDF00A3F072 /* Preview Assets.xcassets in Resources */,
				B369676324C61BDF00A3F072 /* Assets.xcassets in Resources */,
			);
			runOnlyForDeploymentPostprocessing = 0;
		};
/* End PBXResourcesBuildPhase section */

/* Begin PBXSourcesBuildPhase section */
		B369675524C61BDA00A3F072 /* Sources */ = {
			isa = PBXSourcesBuildPhase;
			buildActionMask = 2147483647;
			files = (
				B369675D24C61BDA00A3F072 /* AppDelegate.swift in Sources */,
				B369675F24C61BDA00A3F072 /* SceneDelegate.swift in Sources */,
				B369677124C61BED00A3F072 /* colorRound.swift in Sources */,
				B369676124C61BDA00A3F072 /* ContentView.swift in Sources */,
				B369677324C61D7B00A3F072 /* backgroundColor.swift in Sources */,
			);
			runOnlyForDeploymentPostprocessing = 0;
		};
/* End PBXSourcesBuildPhase section */

/* Begin PBXVariantGroup section */
		B369676724C61BDF00A3F072 /* LaunchScreen.storyboard */ = {
			isa = PBXVariantGroup;
			children = (
				B369676824C61BDF00A3F072 /* Base */,
			);
			name = LaunchScreen.storyboard;
			sourceTree = "<group>";
		};
/* End PBXVariantGroup section */

/* Begin XCBuildConfiguration section */
		B369676B24C61BDF00A3F072 /* Debug */ = {
			isa = XCBuildConfiguration;
			buildSettings = {
				ALWAYS_SEARCH_USER_PATHS = NO;
				CLANG_ANALYZER_NONNULL = YES;
				CLANG_ANALYZER_NUMBER_OBJECT_CONVERSION = YES_AGGRESSIVE;
				CLANG_CXX_LANGUAGE_STANDARD = "gnu++14";
				CLANG_CXX_LIBRARY = "libc++";
				CLANG_ENABLE_MODULES = YES;
				CLANG_ENABLE_OBJC_ARC = YES;
				CLANG_ENABLE_OBJC_WEAK = YES;
				CLANG_WARN_BLOCK_CAPTURE_AUTORELEASING = YES;
				CLANG_WARN_BOOL_CONVERSION = YES;
				CLANG_WARN_COMMA = YES;
				CLANG_WARN_CONSTANT_CONVERSION = YES;
				CLANG_WARN_DEPRECATED_OBJC_IMPLEMENTATIONS = YES;
				CLANG_WARN_DIRECT_OBJC_ISA_USAGE = YES_ERROR;
				CLANG_WARN_DOCUMENTATION_COMMENTS = YES;
				CLANG_WARN_EMPTY_BODY = YES;
				CLANG_WARN_ENUM_CONVERSION = YES;
				CLANG_WARN_INFINITE_RECURSION = YES;
				CLANG_WARN_INT_CONVERSION = YES;
				CLANG_WARN_NON_LITERAL_NULL_CONVERSION = YES;
				CLANG_WARN_OBJC_IMPLICIT_RETAIN_SELF = YES;
				CLANG_WARN_OBJC_LITERAL_CONVERSION = YES;
				CLANG_WARN_OBJC_ROOT_CLASS = YES_ERROR;
				CLANG_WARN_RANGE_LOOP_ANALYSIS = YES;
				CLANG_WARN_STRICT_PROTOTYPES = YES;
				CLANG_WARN_SUSPICIOUS_MOVE = YES;
				CLANG_WARN_UNGUARDED_AVAILABILITY = YES_AGGRESSIVE;
				CLANG_WARN_UNREACHABLE_CODE = YES;
				CLANG_WARN__DUPLICATE_METHOD_MATCH = YES;
				COPY_PHASE_STRIP = NO;
				DEBUG_INFORMATION_FORMAT = dwarf;
				ENABLE_STRICT_OBJC_MSGSEND = YES;
				ENABLE_TESTABILITY = YES;
				GCC_C_LANGUAGE_STANDARD = gnu11;
				GCC_DYNAMIC_NO_PIC = NO;
				GCC_NO_COMMON_BLOCKS = YES;
				GCC_OPTIMIZATION_LEVEL = 0;
				GCC_PREPROCESSOR_DEFINITIONS = (
					"DEBUG=1",
					"$(inherited)",
				);
				GCC_WARN_64_TO_32_BIT_CONVERSION = YES;
				GCC_WARN_ABOUT_RETURN_TYPE = YES_ERROR;
				GCC_WARN_UNDECLARED_SELECTOR = YES;
				GCC_WARN_UNINITIALIZED_AUTOS = YES_AGGRESSIVE;
				GCC_WARN_UNUSED_FUNCTION = YES;
				GCC_WARN_UNUSED_VARIABLE = YES;
				IPHONEOS_DEPLOYMENT_TARGET = 13.6;
				MTL_ENABLE_DEBUG_INFO = INCLUDE_SOURCE;
				MTL_FAST_MATH = YES;
				ONLY_ACTIVE_ARCH = YES;
				SDKROOT = iphoneos;
				SWIFT_ACTIVE_COMPILATION_CONDITIONS = DEBUG;
				SWIFT_OPTIMIZATION_LEVEL = "-Onone";
			};
			name = Debug;
		};
		B369676C24C61BDF00A3F072 /* Release */ = {
			isa = XCBuildConfiguration;
			buildSettings = {
				ALWAYS_SEARCH_USER_PATHS = NO;
				CLANG_ANALYZER_NONNULL = YES;
				CLANG_ANALYZER_NUMBER_OBJECT_CONVERSION = YES_AGGRESSIVE;
				CLANG_CXX_LANGUAGE_STANDARD = "gnu++14";
				CLANG_CXX_LIBRARY = "libc++";
				CLANG_ENABLE_MODULES = YES;
				CLANG_ENABLE_OBJC_ARC = YES;
				CLANG_ENABLE_OBJC_WEAK = YES;
				CLANG_WARN_BLOCK_CAPTURE_AUTORELEASING = YES;
				CLANG_WARN_BOOL_CONVERSION = YES;
				CLANG_WARN_COMMA = YES;
				CLANG_WARN_CONSTANT_CONVERSION = YES;
				CLANG_WARN_DEPRECATED_OBJC_IMPLEMENTATIONS = YES;
				CLANG_WARN_DIRECT_OBJC_ISA_USAGE = YES_ERROR;
				CLANG_WARN_DOCUMENTATION_COMMENTS = YES;
				CLANG_WARN_EMPTY_BODY = YES;
				CLANG_WARN_ENUM_CONVERSION = YES;
				CLANG_WARN_INFINITE_RECURSION = YES;
				CLANG_WARN_INT_CONVERSION = YES;
				CLANG_WARN_NON_LITERAL_NULL_CONVERSION = YES;
				CLANG_WARN_OBJC_IMPLICIT_RETAIN_SELF = YES;
				CLANG_WARN_OBJC_LITERAL_CONVERSION = YES;
				CLANG_WARN_OBJC_ROOT_CLASS = YES_ERROR;
				CLANG_WARN_RANGE_LOOP_ANALYSIS = YES;
				CLANG_WARN_STRICT_PROTOTYPES = YES;
				CLANG_WARN_SUSPICIOUS_MOVE = YES;
				CLANG_WARN_UNGUARDED_AVAILABILITY = YES_AGGRESSIVE;
				CLANG_WARN_UNREACHABLE_CODE = YES;
				CLANG_WARN__DUPLICATE_METHOD_MATCH = YES;
				COPY_PHASE_STRIP = NO;
				DEBUG_INFORMATION_FORMAT = "dwarf-with-dsym";
				ENABLE_NS_ASSERTIONS = NO;
				ENABLE_STRICT_OBJC_MSGSEND = YES;
				GCC_C_LANGUAGE_STANDARD = gnu11;
				GCC_NO_COMMON_BLOCKS = YES;
				GCC_WARN_64_TO_32_BIT_CONVERSION = YES;
				GCC_WARN_ABOUT_RETURN_TYPE = YES_ERROR;
				GCC_WARN_UNDECLARED_SELECTOR = YES;
				GCC_WARN_UNINITIALIZED_AUTOS = YES_AGGRESSIVE;
				GCC_WARN_UNUSED_FUNCTION = YES;
				GCC_WARN_UNUSED_VARIABLE = YES;
				IPHONEOS_DEPLOYMENT_TARGET = 13.6;
				MTL_ENABLE_DEBUG_INFO = NO;
				MTL_FAST_MATH = YES;
				SDKROOT = iphoneos;
				SWIFT_COMPILATION_MODE = wholemodule;
				SWIFT_OPTIMIZATION_LEVEL = "-O";
				VALIDATE_PRODUCT = YES;
			};
			name = Release;
		};
		B369676E24C61BDF00A3F072 /* Debug */ = {
			isa = XCBuildConfiguration;
			buildSettings = {
				ASSETCATALOG_COMPILER_APPICON_NAME = AppIcon;
				CODE_SIGN_STYLE = Automatic;
				DEVELOPMENT_ASSET_PATHS = "\"Homework3-1/Preview Content\"";
				DEVELOPMENT_TEAM = H3DYTYX5S2;
				ENABLE_PREVIEWS = YES;
				INFOPLIST_FILE = "Homework3-1/Info.plist";
				LD_RUNPATH_SEARCH_PATHS = (
					"$(inherited)",
					"@executable_path/Frameworks",
				);
				PRODUCT_BUNDLE_IDENTIFIER = "No.Homework3-1";
				PRODUCT_NAME = "$(TARGET_NAME)";
				SWIFT_VERSION = 5.0;
				TARGETED_DEVICE_FAMILY = "1,2";
			};
			name = Debug;
		};
		B369676F24C61BDF00A3F072 /* Release */ = {
			isa = XCBuildConfiguration;
			buildSettings = {
				ASSETCATALOG_COMPILER_APPICON_NAME = AppIcon;
				CODE_SIGN_STYLE = Automatic;
				DEVELOPMENT_ASSET_PATHS = "\"Homework3-1/Preview Content\"";
				DEVELOPMENT_TEAM = H3DYTYX5S2;
				ENABLE_PREVIEWS = YES;
				INFOPLIST_FILE = "Homework3-1/Info.plist";
				LD_RUNPATH_SEARCH_PATHS = (
					"$(inherited)",
					"@executable_path/Frameworks",
				);
				PRODUCT_BUNDLE_IDENTIFIER = "No.Homework3-1";
				PRODUCT_NAME = "$(TARGET_NAME)";
				SWIFT_VERSION = 5.0;
				TARGETED_DEVICE_FAMILY = "1,2";
			};
			name = Release;
		};
/* End XCBuildConfiguration section */

/* Begin XCConfigurationList section */
		B369675424C61BDA00A3F072 /* Build configuration list for PBXProject "Homework3-1" */ = {
			isa = XCConfigurationList;
			buildConfigurations = (
				B369676B24C61BDF00A3F072 /* Debug */,
				B369676C24C61BDF00A3F072 /* Release */,
			);
			defaultConfigurationIsVisible = 0;
			defaultConfigurationName = Release;
		};
		B369676D24C61BDF00A3F072 /* Build configuration list for PBXNativeTarget "Homework3-1" */ = {
			isa = XCConfigurationList;
			buildConfigurations = (
				B369676E24C61BDF00A3F072 /* Debug */,
				B369676F24C61BDF00A3F072 /* Release */,
			);
			defaultConfigurationIsVisible = 0;
			defaultConfigurationName = Release;
		};
/* End XCConfigurationList section */
	};
	rootObject = B369675124C61BDA00A3F072 /* Project object */;
}
